
Microsoft Visual Studio Solution File, Format Version 12.00
# Visual Studio Version 17
VisualStudioVersion = 17.9.34728.123
MinimumVisualStudioVersion = 10.0.40219.1
Project("{FAE04EC0-301F-11D3-BF4B-00C04F79EFBC}") = "temp-back", "temp-back.csproj", "{B88BFB38-16DC-4091-9D16-0801ED637B8C}"
EndProject
Global
	GlobalSection(SolutionConfigurationPlatforms) = preSolution
		Debug|Any CPU = Debug|Any CPU
		Release|Any CPU = Release|Any CPU
	EndGlobalSection
	GlobalSection(ProjectConfigurationPlatforms) = postSolution
		{B88BFB38-16DC-4091-9D16-0801ED637B8C}.Debug|Any CPU.ActiveCfg = Debug|Any CPU
		{B88BFB38-16DC-4091-9D16-0801ED637B8C}.Debug|Any CPU.Build.0 = Debug|Any CPU
		{B88BFB38-16DC-4091-9D16-0801ED637B8C}.Release|Any CPU.ActiveCfg = Release|Any CPU
		{B88BFB38-16DC-4091-9D16-0801ED637B8C}.Release|Any CPU.Build.0 = Release|Any CPU
	EndGlobalSection
	GlobalSection(SolutionProperties) = preSolution
		HideSolutionNode = FALSE
	EndGlobalSection
	GlobalSection(ExtensibilityGlobals) = postSolution
		SolutionGuid = {1D7EFAC6-6180-45C9-876A-CB77AF2014F8}
	EndGlobalSection
EndGlobal
